
Microsoft Visual Studio Solution File, Format Version 12.00
# Visual Studio 14
VisualStudioVersion = 14.0.24720.0
MinimumVisualStudioVersion = 10.0.40219.1
Project("{FAE04EC0-301F-11D3-BF4B-00C04F79EFBC}") = "Mandelbrot", "Mandelbrot\Mandelbrot.csproj", "{4EE816B9-0B90-41E1-8934-1F77DAA32D3F}"
EndProject
Project("{FAE04EC0-301F-11D3-BF4B-00C04F79EFBC}") = "MandelbrotGUI", "MandelbrotGUI\MandelbrotGUI.csproj", "{83EC21E3-9638-4F38-B23E-E902957A0A55}"
EndProject
Global
	GlobalSection(SolutionConfigurationPlatforms) = preSolution
		Debug|Any CPU = Debug|Any CPU
		Release|Any CPU = Release|Any CPU
	EndGlobalSection
	GlobalSection(ProjectConfigurationPlatforms) = postSolution
		{4EE816B9-0B90-41E1-8934-1F77DAA32D3F}.Debug|Any CPU.ActiveCfg = Debug|Any CPU
		{4EE816B9-0B90-41E1-8934-1F77DAA32D3F}.Debug|Any CPU.Build.0 = Debug|Any CPU
		{4EE816B9-0B90-41E1-8934-1F77DAA32D3F}.Release|Any CPU.ActiveCfg = Release|Any CPU
		{4EE816B9-0B90-41E1-8934-1F77DAA32D3F}.Release|Any CPU.Build.0 = Release|Any CPU
		{83EC21E3-9638-4F38-B23E-E902957A0A55}.Debug|Any CPU.ActiveCfg = Debug|Any CPU
		{83EC21E3-9638-4F38-B23E-E902957A0A55}.Debug|Any CPU.Build.0 = Debug|Any CPU
		{83EC21E3-9638-4F38-B23E-E902957A0A55}.Release|Any CPU.ActiveCfg = Release|Any CPU
		{83EC21E3-9638-4F38-B23E-E902957A0A55}.Release|Any CPU.Build.0 = Release|Any CPU
	EndGlobalSection
	GlobalSection(SolutionProperties) = preSolution
		HideSolutionNode = FALSE
	EndGlobalSection
EndGlobal
